
Microsoft Visual Studio Solution File, Format Version 12.00
# Visual Studio Version 16
VisualStudioVersion = 16.0.31702.278
MinimumVisualStudioVersion = 10.0.40219.1
Project("{FAE04EC0-301F-11D3-BF4B-00C04F79EFBC}") = "CustomerManagement", "CustomerManagement.csproj", "{3FA38773-08D7-4118-BD80-FF43DABE47F5}"
EndProject
Global
	GlobalSection(SolutionConfigurationPlatforms) = preSolution
		Debug|Any CPU = Debug|Any CPU
		Release|Any CPU = Release|Any CPU
	EndGlobalSection
	GlobalSection(ProjectConfigurationPlatforms) = postSolution
		{3FA38773-08D7-4118-BD80-FF43DABE47F5}.Debug|Any CPU.ActiveCfg = Debug|Any CPU
		{3FA38773-08D7-4118-BD80-FF43DABE47F5}.Debug|Any CPU.Build.0 = Debug|Any CPU
		{3FA38773-08D7-4118-BD80-FF43DABE47F5}.Release|Any CPU.ActiveCfg = Release|Any CPU
		{3FA38773-08D7-4118-BD80-FF43DABE47F5}.Release|Any CPU.Build.0 = Release|Any CPU
	EndGlobalSection
	GlobalSection(SolutionProperties) = preSolution
		HideSolutionNode = FALSE
	EndGlobalSection
	GlobalSection(ExtensibilityGlobals) = postSolution
		SolutionGuid = {6F2684F8-CF6D-4D1F-89F2-9F1A253E656D}
	EndGlobalSection
EndGlobal
